
Microsoft Visual Studio Solution File, Format Version 12.00
# Visual Studio 2012
Project("{FAE04EC0-301F-11D3-BF4B-00C04F79EFBC}") = "HtmlToMarkdown.Net", "HtmlToMarkdown.Net\HtmlToMarkdown.Net.csproj", "{1D51CA36-517D-4903-A187-BFBAA46C9569}"
EndProject
Project("{FAE04EC0-301F-11D3-BF4B-00C04F79EFBC}") = "HtmlParser", "HtmlParser\HtmlParser.csproj", "{C9EBA8ED-4DB8-4DF7-9FB9-C8ED1C822A3E}"
EndProject
Project("{FAE04EC0-301F-11D3-BF4B-00C04F79EFBC}") = "HtmlToMarkdown.Net.Tests", "HtmlToMarkdown.Net.Tests\HtmlToMarkdown.Net.Tests.csproj", "{29C67A31-53D9-4B17-94E2-F3725F508275}"
EndProject
Global
	GlobalSection(SolutionConfigurationPlatforms) = preSolution
		Debug|Any CPU = Debug|Any CPU
		Release|Any CPU = Release|Any CPU
	EndGlobalSection
	GlobalSection(ProjectConfigurationPlatforms) = postSolution
		{1D51CA36-517D-4903-A187-BFBAA46C9569}.Debug|Any CPU.ActiveCfg = Debug|Any CPU
		{1D51CA36-517D-4903-A187-BFBAA46C9569}.Debug|Any CPU.Build.0 = Debug|Any CPU
		{1D51CA36-517D-4903-A187-BFBAA46C9569}.Release|Any CPU.ActiveCfg = Release|Any CPU
		{1D51CA36-517D-4903-A187-BFBAA46C9569}.Release|Any CPU.Build.0 = Release|Any CPU
		{C9EBA8ED-4DB8-4DF7-9FB9-C8ED1C822A3E}.Debug|Any CPU.ActiveCfg = Debug|Any CPU
		{C9EBA8ED-4DB8-4DF7-9FB9-C8ED1C822A3E}.Debug|Any CPU.Build.0 = Debug|Any CPU
		{C9EBA8ED-4DB8-4DF7-9FB9-C8ED1C822A3E}.Release|Any CPU.ActiveCfg = Release|Any CPU
		{C9EBA8ED-4DB8-4DF7-9FB9-C8ED1C822A3E}.Release|Any CPU.Build.0 = Release|Any CPU
		{29C67A31-53D9-4B17-94E2-F3725F508275}.Debug|Any CPU.ActiveCfg = Debug|Any CPU
		{29C67A31-53D9-4B17-94E2-F3725F508275}.Debug|Any CPU.Build.0 = Debug|Any CPU
		{29C67A31-53D9-4B17-94E2-F3725F508275}.Release|Any CPU.ActiveCfg = Release|Any CPU
		{29C67A31-53D9-4B17-94E2-F3725F508275}.Release|Any CPU.Build.0 = Release|Any CPU
	EndGlobalSection
	GlobalSection(SolutionProperties) = preSolution
		HideSolutionNode = FALSE
	EndGlobalSection
EndGlobal
